{
  "name": "posts",
  "version": "1.0.0",
  "lockfileVersion": 3,
  "requires": true,
  "packages": {
    "": {
      "name": "posts",
      "version": "1.0.0",
      "license": "ISC",
      "dependencies": {
        "@fontsource/fraunces": "^5.3.0",
        "@fontsource/instrument-serif": "^5.3.0",
        "@fontsource/inter": "^5.3.0",
        "@fontsource/jetbrains-mono": "^5.3.0",
        "@fontsource/noto-serif-devanagari": "^5.3.0",
        "@fontsource/noto-serif-sc": "^5.3.0",
        "playwright-core": "^1.63.0"
      }
    },
    "node_modules/@fontsource/fraunces": {
      "version": "5.3.0",
      "resolved": "https://registry.npmjs.org/@fontsource/fraunces/-/fraunces-5.3.0.tgz",
      "integrity": "sha512-LEHTOBiZufQzAvnAe2rZ8ZknbDS28Q9kzwb0L+gZJEmjLGr8hhZ/5NuHXwDuHBWhVXYoiGGXmrb0H6Ko/RrHTg==",
      "license": "OFL-1.1",
      "funding": {
        "url": "https://github.com/sponsors/ayuhito"
      }
    },
    "node_modules/@fontsource/instrument-serif": {
      "version": "5.3.0",
      "resolved": "https://registry.npmjs.org/@fontsource/instrument-serif/-/instrument-serif-5.3.0.tgz",
      "integrity": "sha512-mDiaIg0u67sYV59fie92Wz4sM8UiVlbL7fLxnFPCKkX15DMASEnQTREbaP5S5/3DCcsoAOcQ0sV9E4AeY4QqYQ==",
      "license": "OFL-1.1",
      "funding": {
        "url": "https://github.com/sponsors/ayuhito"
      }
    },
    "node_modules/@fontsource/inter": {
      "version": "5.3.0",
      "resolved": "https://registry.npmjs.org/@fontsource/inter/-/inter-5.3.0.tgz",
      "integrity": "sha512-RofMylZmjlJEfELXeNHFWBRcSs75rGU/6bV2S2jfnvv/3rPXPGe0LgUJTklcHZ9lM4OZmAVFhcJPnACfb91A3g==",
      "license": "OFL-1.1",
      "funding": {
        "url": "https://github.com/sponsors/ayuhito"
      }
    },
    "node_modules/@fontsource/jetbrains-mono": {
      "version": "5.3.0",
      "resolved": "https://registry.npmjs.org/@fontsource/jetbrains-mono/-/jetbrains-mono-5.3.0.tgz",
      "integrity": "sha512-fqDfB5I9f1p1TV486aUgB9t8zP84P0O1FtQR5Ol9vjwPy+S+EIGlVYm1cvj2W5shcZMTg2nZFdVMoH5wFu8a1A==",
      "license": "OFL-1.1",
      "funding": {
        "url": "https://github.com/sponsors/ayuhito"
      }
    },
    "node_modules/@fontsource/noto-serif-devanagari": {
      "version": "5.3.0",
      "resolved": "https://registry.npmjs.org/@fontsource/noto-serif-devanagari/-/noto-serif-devanagari-5.3.0.tgz",
      "integrity": "sha512-POketgM+TcAbtQCpl5GUmlCVvV7zGnFmLlQTIVxp0ePZkKTJ1UhpeyscIpgljOzHjrVzXPj7x1lSXl2W/wI3Gg==",
      "license": "OFL-1.1",
      "funding": {
        "url": "https://github.com/sponsors/ayuhito"
      }
    },
    "node_modules/@fontsource/noto-serif-sc": {
      "version": "5.3.0",
      "resolved": "https://registry.npmjs.org/@fontsource/noto-serif-sc/-/noto-serif-sc-5.3.0.tgz",
      "integrity": "sha512-0/zaEFkidiWldE62rTeD74x8ygUsQvejiSNtO0LQxQk3qpaHnlMZ3w4C7yH80B4KTIg8VKeFP4oSgwWMchY9+g==",
      "license": "OFL-1.1",
      "funding": {
        "url": "https://github.com/sponsors/ayuhito"
      }
    },
    "node_modules/playwright-core": {
      "version": "1.63.0",
      "resolved": "https://registry.npmjs.org/playwright-core/-/playwright-core-1.63.0.tgz",
      "integrity": "sha512-rYCsBF/M5HjUch52bbtVONEFjv6Xu8sm8h72dNlR5bzIE1fvC/bxgspzkjSfU+MweEMmPM8KJebG6nnyxo5mCg==",
      "license": "Apache-2.0",
      "bin": {
        "playwright-core": "cli.js"
      },
      "engines": {
        "node": ">=20"
      }
    }
  }
}
